// !$*UTF8*$!
{
	archiveVersion = 1;
	classes = {
	};
	objectVersion = 50;
	objects = {

/* Begin PBXBuildFile section */
		6343CDE72388DFF900FC3EB0 /* AppDelegate.m in Sources */ = {isa = PBXBuildFile; fileRef = 6343CDE62388DFF900FC3EB0 /* AppDelegate.m */; };
		6343CDEA2388DFF900FC3EB0 /* SceneDelegate.m in Sources */ = {isa = PBXBuildFile; fileRef = 6343CDE92388DFF900FC3EB0 /* SceneDelegate.m */; };
		6343CDED2388DFF900FC3EB0 /* ViewController.m in Sources */ = {isa = PBXBuildFile; fileRef = 6343CDEC2388DFF900FC3EB0 /* ViewController.m */; };
		6343CDF02388DFF900FC3EB0 /* Main.storyboard in Resources */ = {isa = PBXBuildFile; fileRef = 6343CDEE2388DFF900FC3EB0 /* Main.storyboard */; };
		6343CDF32388DFF900FC3EB0 /* BBEventBus.xcdatamodeld in Sources */ = {isa = PBXBuildFile; fileRef = 6343CDF12388DFF900FC3EB0 /* BBEventBus.xcdatamodeld */; };
		6343CDF52388DFFD00FC3EB0 /* Assets.xcassets in Resources */ = {isa = PBXBuildFile; fileRef = 6343CDF42388DFFD00FC3EB0 /* Assets.xcassets */; };
		6343CDF82388DFFD00FC3EB0 /* LaunchScreen.storyboard in Resources */ = {isa = PBXBuildFile; fileRef = 6343CDF62388DFFD00FC3EB0 /* LaunchScreen.storyboard */; };
		6343CDFB2388DFFD00FC3EB0 /* main.m in Sources */ = {isa = PBXBuildFile; fileRef = 6343CDFA2388DFFD00FC3EB0 /* main.m */; };
		6343CE052388DFFD00FC3EB0 /* BBEventBusTests.m in Sources */ = {isa = PBXBuildFile; fileRef = 6343CE042388DFFD00FC3EB0 /* BBEventBusTests.m */; };
		6343CE102388DFFD00FC3EB0 /* BBEventBusUITests.m in Sources */ = {isa = PBXBuildFile; fileRef = 6343CE0F2388DFFD00FC3EB0 /* BBEventBusUITests.m */; };
		6343CE1F2388E01C00FC3EB0 /* BBEventBus.m in Sources */ = {isa = PBXBuildFile; fileRef = 6343CE1E2388E01C00FC3EB0 /* BBEventBus.m */; };
		6343CE222388E08C00FC3EB0 /* NSObject+RFDestoryNotify.m in Sources */ = {isa = PBXBuildFile; fileRef = 6343CE212388E08C00FC3EB0 /* NSObject+RFDestoryNotify.m */; };
/* End PBXBuildFile section */

/* Begin PBXContainerItemProxy section */
		6343CE012388DFFD00FC3EB0 /* PBXContainerItemProxy */ = {
			isa = PBXContainerItemProxy;
			containerPortal = 6343CDDA2388DFF900FC3EB0 /* Project object */;
			proxyType = 1;
			remoteGlobalIDString = 6343CDE12388DFF900FC3EB0;
			remoteInfo = BBEventBus;
		};
		6343CE0C2388DFFD00FC3EB0 /* PBXContainerItemProxy */ = {
			isa = PBXContainerItemProxy;
			containerPortal = 6343CDDA2388DFF900FC3EB0 /* Project object */;
			proxyType = 1;
			remoteGlobalIDString = 6343CDE12388DFF900FC3EB0;
			remoteInfo = BBEventBus;
		};
/* End PBXContainerItemProxy section */

/* Begin PBXFileReference section */
		6343CDE22388DFF900FC3EB0 /* BBEventBus.app */ = {isa = PBXFileReference; explicitFileType = wrapper.application; includeInIndex = 0; path = BBEventBus.app; sourceTree = BUILT_PRODUCTS_DIR; };
		6343CDE52388DFF900FC3EB0 /* AppDelegate.h */ = {isa = PBXFileReference; lastKnownFileType = sourcecode.c.h; path = AppDelegate.h; sourceTree = "<group>"; };
		6343CDE62388DFF900FC3EB0 /* AppDelegate.m */ = {isa = PBXFileReference; lastKnownFileType = sourcecode.c.objc; path = AppDelegate.m; sourceTree = "<group>"; };
		6343CDE82388DFF900FC3EB0 /* SceneDelegate.h */ = {isa = PBXFileReference; lastKnownFileType = sourcecode.c.h; path = SceneDelegate.h; sourceTree = "<group>"; };
		6343CDE92388DFF900FC3EB0 /* SceneDelegate.m */ = {isa = PBXFileReference; lastKnownFileType = sourcecode.c.objc; path = SceneDelegate.m; sourceTree = "<group>"; };
		6343CDEB2388DFF900FC3EB0 /* ViewController.h */ = {isa = PBXFileReference; lastKnownFileType = sourcecode.c.h; path = ViewController.h; sourceTree = "<group>"; };
		6343CDEC2388DFF900FC3EB0 /* ViewController.m */ = {isa = PBXFileReference; lastKnownFileType = sourcecode.c.objc; path = ViewController.m; sourceTree = "<group>"; };
		6343CDEF2388DFF900FC3EB0 /* Base */ = {isa = PBXFileReference; lastKnownFileType = file.storyboard; name = Base; path = Base.lproj/Main.storyboard; sourceTree = "<group>"; };
		6343CDF22388DFF900FC3EB0 /* BBEventBus.xcdatamodel */ = {isa = PBXFileReference; lastKnownFileType = wrapper.xcdatamodel; path = BBEventBus.xcdatamodel; sourceTree = "<group>"; };
		6343CDF42388DFFD00FC3EB0 /* Assets.xcassets */ = {isa = PBXFileReference; lastKnownFileType = folder.assetcatalog; path = Assets.xcassets; sourceTree = "<group>"; };
		6343CDF72388DFFD00FC3EB0 /* Base */ = {isa = PBXFileReference; lastKnownFileType = file.storyboard; name = Base; path = Base.lproj/LaunchScreen.storyboard; sourceTree = "<group>"; };
		6343CDF92388DFFD00FC3EB0 /* Info.plist */ = {isa = PBXFileReference; lastKnownFileType = text.plist.xml; path = Info.plist; sourceTree = "<group>"; };
		6343CDFA2388DFFD00FC3EB0 /* main.m */ = {isa = PBXFileReference; lastKnownFileType = sourcecode.c.objc; path = main.m; sourceTree = "<group>"; };
		6343CE002388DFFD00FC3EB0 /* BBEventBusTests.xctest */ = {isa = PBXFileReference; explicitFileType = wrapper.cfbundle; includeInIndex = 0; path = BBEventBusTests.xctest; sourceTree = BUILT_PRODUCTS_DIR; };
		6343CE042388DFFD00FC3EB0 /* BBEventBusTests.m */ = {isa = PBXFileReference; lastKnownFileType = sourcecode.c.objc; path = BBEventBusTests.m; sourceTree = "<group>"; };
		6343CE062388DFFD00FC3EB0 /* Info.plist */ = {isa = PBXFileReference; lastKnownFileType = text.plist.xml; path = Info.plist; sourceTree = "<group>"; };
		6343CE0B2388DFFD00FC3EB0 /* BBEventBusUITests.xctest */ = {isa = PBXFileReference; explicitFileType = wrapper.cfbundle; includeInIndex = 0; path = BBEventBusUITests.xctest; sourceTree = BUILT_PRODUCTS_DIR; };
		6343CE0F2388DFFD00FC3EB0 /* BBEventBusUITests.m */ = {isa = PBXFileReference; lastKnownFileType = sourcecode.c.objc; path = BBEventBusUITests.m; sourceTree = "<group>"; };
		6343CE112388DFFD00FC3EB0 /* Info.plist */ = {isa = PBXFileReference; lastKnownFileType = text.plist.xml; path = Info.plist; sourceTree = "<group>"; };
		6343CE1D2388E01C00FC3EB0 /* BBEventBus.h */ = {isa = PBXFileReference; lastKnownFileType = sourcecode.c.h; path = BBEventBus.h; sourceTree = "<group>"; };
		6343CE1E2388E01C00FC3EB0 /* BBEventBus.m */ = {isa = PBXFileReference; lastKnownFileType = sourcecode.c.objc; path = BBEventBus.m; sourceTree = "<group>"; };
		6343CE202388E08C00FC3EB0 /* NSObject+RFDestoryNotify.h */ = {isa = PBXFileReference; fileEncoding = 4; lastKnownFileType = sourcecode.c.h; path = "NSObject+RFDestoryNotify.h"; sourceTree = "<group>"; };
		6343CE212388E08C00FC3EB0 /* NSObject+RFDestoryNotify.m */ = {isa = PBXFileReference; fileEncoding = 4; lastKnownFileType = sourcecode.c.objc; path = "NSObject+RFDestoryNotify.m"; sourceTree = "<group>"; };
/* End PBXFileReference section */

/* Begin PBXFrameworksBuildPhase section */
		6343CDDF2388DFF900FC3EB0 /* Frameworks */ = {
			isa = PBXFrameworksBuildPhase;
			buildActionMask = 2147483647;
			files = (
			);
			runOnlyForDeploymentPostprocessing = 0;
		};
		6343CDFD2388DFFD00FC3EB0 /* Frameworks */ = {
			isa = PBXFrameworksBuildPhase;
			buildActionMask = 2147483647;
			files = (
			);
			runOnlyForDeploymentPostprocessing = 0;
		};
		6343CE082388DFFD00FC3EB0 /* Frameworks */ = {
			isa = PBXFrameworksBuildPhase;
			buildActionMask = 2147483647;
			files = (
			);
			runOnlyForDeploymentPostprocessing = 0;
		};
/* End PBXFrameworksBuildPhase section */

/* Begin PBXGroup section */
		6343CDD92388DFF900FC3EB0 = {
			isa = PBXGroup;
			children = (
				6343CDE42388DFF900FC3EB0 /* BBEventBus */,
				6343CE032388DFFD00FC3EB0 /* BBEventBusTests */,
				6343CE0E2388DFFD00FC3EB0 /* BBEventBusUITests */,
				6343CDE32388DFF900FC3EB0 /* Products */,
			);
			sourceTree = "<group>";
		};
		6343CDE32388DFF900FC3EB0 /* Products */ = {
			isa = PBXGroup;
			children = (
				6343CDE22388DFF900FC3EB0 /* BBEventBus.app */,
				6343CE002388DFFD00FC3EB0 /* BBEventBusTests.xctest */,
				6343CE0B2388DFFD00FC3EB0 /* BBEventBusUITests.xctest */,
			);
			name = Products;
			sourceTree = "<group>";
		};
		6343CDE42388DFF900FC3EB0 /* BBEventBus */ = {
			isa = PBXGroup;
			children = (
				6343CE242388E0AB00FC3EB0 /* BBEventBus */,
				6343CDE52388DFF900FC3EB0 /* AppDelegate.h */,
				6343CDE62388DFF900FC3EB0 /* AppDelegate.m */,
				6343CDE82388DFF900FC3EB0 /* SceneDelegate.h */,
				6343CDE92388DFF900FC3EB0 /* SceneDelegate.m */,
				6343CDEB2388DFF900FC3EB0 /* ViewController.h */,
				6343CDEC2388DFF900FC3EB0 /* ViewController.m */,
				6343CDEE2388DFF900FC3EB0 /* Main.storyboard */,
				6343CDF42388DFFD00FC3EB0 /* Assets.xcassets */,
				6343CDF62388DFFD00FC3EB0 /* LaunchScreen.storyboard */,
				6343CDF92388DFFD00FC3EB0 /* Info.plist */,
				6343CDFA2388DFFD00FC3EB0 /* main.m */,
				6343CDF12388DFF900FC3EB0 /* BBEventBus.xcdatamodeld */,
			);
			path = BBEventBus;
			sourceTree = "<group>";
		};
		6343CE032388DFFD00FC3EB0 /* BBEventBusTests */ = {
			isa = PBXGroup;
			children = (
				6343CE042388DFFD00FC3EB0 /* BBEventBusTests.m */,
				6343CE062388DFFD00FC3EB0 /* Info.plist */,
			);
			path = BBEventBusTests;
			sourceTree = "<group>";
		};
		6343CE0E2388DFFD00FC3EB0 /* BBEventBusUITests */ = {
			isa = PBXGroup;
			children = (
				6343CE0F2388DFFD00FC3EB0 /* BBEventBusUITests.m */,
				6343CE112388DFFD00FC3EB0 /* Info.plist */,
			);
			path = BBEventBusUITests;
			sourceTree = "<group>";
		};
		6343CE242388E0AB00FC3EB0 /* BBEventBus */ = {
			isa = PBXGroup;
			children = (
				6343CE1D2388E01C00FC3EB0 /* BBEventBus.h */,
				6343CE1E2388E01C00FC3EB0 /* BBEventBus.m */,
				6343CE202388E08C00FC3EB0 /* NSObject+RFDestoryNotify.h */,
				6343CE212388E08C00FC3EB0 /* NSObject+RFDestoryNotify.m */,
			);
			path = BBEventBus;
			sourceTree = "<group>";
		};
/* End PBXGroup section */

/* Begin PBXNativeTarget section */
		6343CDE12388DFF900FC3EB0 /* BBEventBus */ = {
			isa = PBXNativeTarget;
			buildConfigurationList = 6343CE142388DFFD00FC3EB0 /* Build configuration list for PBXNativeTarget "BBEventBus" */;
			buildPhases = (
				6343CDDE2388DFF900FC3EB0 /* Sources */,
				6343CDDF2388DFF900FC3EB0 /* Frameworks */,
				6343CDE02388DFF900FC3EB0 /* Resources */,
			);
			buildRules = (
			);
			dependencies = (
			);
			name = BBEventBus;
			productName = BBEventBus;
			productReference = 6343CDE22388DFF900FC3EB0 /* BBEventBus.app */;
			productType = "com.apple.product-type.application";
		};
		6343CDFF2388DFFD00FC3EB0 /* BBEventBusTests */ = {
			isa = PBXNativeTarget;
			buildConfigurationList = 6343CE172388DFFD00FC3EB0 /* Build configuration list for PBXNativeTarget "BBEventBusTests" */;
			buildPhases = (
				6343CDFC2388DFFD00FC3EB0 /* Sources */,
				6343CDFD2388DFFD00FC3EB0 /* Frameworks */,
				6343CDFE2388DFFD00FC3EB0 /* Resources */,
			);
			buildRules = (
			);
			dependencies = (
				6343CE022388DFFD00FC3EB0 /* PBXTargetDependency */,
			);
			name = BBEventBusTests;
			productName = BBEventBusTests;
			productReference = 6343CE002388DFFD00FC3EB0 /* BBEventBusTests.xctest */;
			productType = "com.apple.product-type.bundle.unit-test";
		};
		6343CE0A2388DFFD00FC3EB0 /* BBEventBusUITests */ = {
			isa = PBXNativeTarget;
			buildConfigurationList = 6343CE1A2388DFFD00FC3EB0 /* Build configuration list for PBXNativeTarget "BBEventBusUITests" */;
			buildPhases = (
				6343CE072388DFFD00FC3EB0 /* Sources */,
				6343CE082388DFFD00FC3EB0 /* Frameworks */,
				6343CE092388DFFD00FC3EB0 /* Resources */,
			);
			buildRules = (
			);
			dependencies = (
				6343CE0D2388DFFD00FC3EB0 /* PBXTargetDependency */,
			);
			name = BBEventBusUITests;
			productName = BBEventBusUITests;
			productReference = 6343CE0B2388DFFD00FC3EB0 /* BBEventBusUITests.xctest */;
			productType = "com.apple.product-type.bundle.ui-testing";
		};
/* End PBXNativeTarget section */

/* Begin PBXProject section */
		6343CDDA2388DFF900FC3EB0 /* Project object */ = {
			isa = PBXProject;
			attributes = {
				LastUpgradeCheck = 1120;
				ORGANIZATIONNAME = huang;
				TargetAttributes = {
					6343CDE12388DFF900FC3EB0 = {
						CreatedOnToolsVersion = 11.2.1;
					};
					6343CDFF2388DFFD00FC3EB0 = {
						CreatedOnToolsVersion = 11.2.1;
						TestTargetID = 6343CDE12388DFF900FC3EB0;
					};
					6343CE0A2388DFFD00FC3EB0 = {
						CreatedOnToolsVersion = 11.2.1;
						TestTargetID = 6343CDE12388DFF900FC3EB0;
					};
				};
			};
			buildConfigurationList = 6343CDDD2388DFF900FC3EB0 /* Build configuration list for PBXProject "BBEventBus" */;
			compatibilityVersion = "Xcode 9.3";
			developmentRegion = en;
			hasScannedForEncodings = 0;
			knownRegions = (
				en,
				Base,
			);
			mainGroup = 6343CDD92388DFF900FC3EB0;
			productRefGroup = 6343CDE32388DFF900FC3EB0 /* Products */;
			projectDirPath = "";
			projectRoot = "";
			targets = (
				6343CDE12388DFF900FC3EB0 /* BBEventBus */,
				6343CDFF2388DFFD00FC3EB0 /* BBEventBusTests */,
				6343CE0A2388DFFD00FC3EB0 /* BBEventBusUITests */,
			);
		};
/* End PBXProject section */

/* Begin PBXResourcesBuildPhase section */
		6343CDE02388DFF900FC3EB0 /* Resources */ = {
			isa = PBXResourcesBuildPhase;
			buildActionMask = 2147483647;
			files = (
				6343CDF82388DFFD00FC3EB0 /* LaunchScreen.storyboard in Resources */,
				6343CDF52388DFFD00FC3EB0 /* Assets.xcassets in Resources */,
				6343CDF02388DFF900FC3EB0 /* Main.storyboard in Resources */,
			);
			runOnlyForDeploymentPostprocessing = 0;
		};
		6343CDFE2388DFFD00FC3EB0 /* Resources */ = {
			isa = PBXResourcesBuildPhase;
			buildActionMask = 2147483647;
			files = (
			);
			runOnlyForDeploymentPostprocessing = 0;
		};
		6343CE092388DFFD00FC3EB0 /* Resources */ = {
			isa = PBXResourcesBuildPhase;
			buildActionMask = 2147483647;
			files = (
			);
			runOnlyForDeploymentPostprocessing = 0;
		};
/* End PBXResourcesBuildPhase section */

/* Begin PBXSourcesBuildPhase section */
		6343CDDE2388DFF900FC3EB0 /* Sources */ = {
			isa = PBXSourcesBuildPhase;
			buildActionMask = 2147483647;
			files = (
				6343CDFB2388DFFD00FC3EB0 /* main.m in Sources */,
				6343CDED2388DFF900FC3EB0 /* ViewController.m in Sources */,
				6343CDE72388DFF900FC3EB0 /* AppDelegate.m in Sources */,
				6343CDEA2388DFF900FC3EB0 /* SceneDelegate.m in Sources */,
				6343CE222388E08C00FC3EB0 /* NSObject+RFDestoryNotify.m in Sources */,
				6343CDF32388DFF900FC3EB0 /* BBEventBus.xcdatamodeld in Sources */,
				6343CE1F2388E01C00FC3EB0 /* BBEventBus.m in Sources */,
			);
			runOnlyForDeploymentPostprocessing = 0;
		};
		6343CDFC2388DFFD00FC3EB0 /* Sources */ = {
			isa = PBXSourcesBuildPhase;
			buildActionMask = 2147483647;
			files = (
				6343CE052388DFFD00FC3EB0 /* BBEventBusTests.m in Sources */,
			);
			runOnlyForDeploymentPostprocessing = 0;
		};
		6343CE072388DFFD00FC3EB0 /* Sources */ = {
			isa = PBXSourcesBuildPhase;
			buildActionMask = 2147483647;
			files = (
				6343CE102388DFFD00FC3EB0 /* BBEventBusUITests.m in Sources */,
			);
			runOnlyForDeploymentPostprocessing = 0;
		};
/* End PBXSourcesBuildPhase section */

/* Begin PBXTargetDependency section */
		6343CE022388DFFD00FC3EB0 /* PBXTargetDependency */ = {
			isa = PBXTargetDependency;
			target = 6343CDE12388DFF900FC3EB0 /* BBEventBus */;
			targetProxy = 6343CE012388DFFD00FC3EB0 /* PBXContainerItemProxy */;
		};
		6343CE0D2388DFFD00FC3EB0 /* PBXTargetDependency */ = {
			isa = PBXTargetDependency;
			target = 6343CDE12388DFF900FC3EB0 /* BBEventBus */;
			targetProxy = 6343CE0C2388DFFD00FC3EB0 /* PBXContainerItemProxy */;
		};
/* End PBXTargetDependency section */

/* Begin PBXVariantGroup section */
		6343CDEE2388DFF900FC3EB0 /* Main.storyboard */ = {
			isa = PBXVariantGroup;
			children = (
				6343CDEF2388DFF900FC3EB0 /* Base */,
			);
			name = Main.storyboard;
			sourceTree = "<group>";
		};
		6343CDF62388DFFD00FC3EB0 /* LaunchScreen.storyboard */ = {
			isa = PBXVariantGroup;
			children = (
				6343CDF72388DFFD00FC3EB0 /* Base */,
			);
			name = LaunchScreen.storyboard;
			sourceTree = "<group>";
		};
/* End PBXVariantGroup section */

/* Begin XCBuildConfiguration section */
		6343CE122388DFFD00FC3EB0 /* Debug */ = {
			isa = XCBuildConfiguration;
			buildSettings = {
				ALWAYS_SEARCH_USER_PATHS = NO;
				CLANG_ANALYZER_NONNULL = YES;
				CLANG_ANALYZER_NUMBER_OBJECT_CONVERSION = YES_AGGRESSIVE;
				CLANG_CXX_LANGUAGE_STANDARD = "gnu++14";
				CLANG_CXX_LIBRARY = "libc++";
				CLANG_ENABLE_MODULES = YES;
				CLANG_ENABLE_OBJC_ARC = YES;
				CLANG_ENABLE_OBJC_WEAK = YES;
				CLANG_WARN_BLOCK_CAPTURE_AUTORELEASING = YES;
				CLANG_WARN_BOOL_CONVERSION = YES;
				CLANG_WARN_COMMA = YES;
				CLANG_WARN_CONSTANT_CONVERSION = YES;
				CLANG_WARN_DEPRECATED_OBJC_IMPLEMENTATIONS = YES;
				CLANG_WARN_DIRECT_OBJC_ISA_USAGE = YES_ERROR;
				CLANG_WARN_DOCUMENTATION_COMMENTS = YES;
				CLANG_WARN_EMPTY_BODY = YES;
				CLANG_WARN_ENUM_CONVERSION = YES;
				CLANG_WARN_INFINITE_RECURSION = YES;
				CLANG_WARN_INT_CONVERSION = YES;
				CLANG_WARN_NON_LITERAL_NULL_CONVERSION = YES;
				CLANG_WARN_OBJC_IMPLICIT_RETAIN_SELF = YES;
				CLANG_WARN_OBJC_LITERAL_CONVERSION = YES;
				CLANG_WARN_OBJC_ROOT_CLASS = YES_ERROR;
				CLANG_WARN_RANGE_LOOP_ANALYSIS = YES;
				CLANG_WARN_STRICT_PROTOTYPES = YES;
				CLANG_WARN_SUSPICIOUS_MOVE = YES;
				CLANG_WARN_UNGUARDED_AVAILABILITY = YES_AGGRESSIVE;
				CLANG_WARN_UNREACHABLE_CODE = YES;
				CLANG_WARN__DUPLICATE_METHOD_MATCH = YES;
				COPY_PHASE_STRIP = NO;
				DEBUG_INFORMATION_FORMAT = dwarf;
				ENABLE_STRICT_OBJC_MSGSEND = YES;
				ENABLE_TESTABILITY = YES;
				GCC_C_LANGUAGE_STANDARD = gnu11;
				GCC_DYNAMIC_NO_PIC = NO;
				GCC_NO_COMMON_BLOCKS = YES;
				GCC_OPTIMIZATION_LEVEL = 0;
				GCC_PREPROCESSOR_DEFINITIONS = (
					"DEBUG=1",
					"$(inherited)",
				);
				GCC_WARN_64_TO_32_BIT_CONVERSION = YES;
				GCC_WARN_ABOUT_RETURN_TYPE = YES_ERROR;
				GCC_WARN_UNDECLARED_SELECTOR = YES;
				GCC_WARN_UNINITIALIZED_AUTOS = YES_AGGRESSIVE;
				GCC_WARN_UNUSED_FUNCTION = YES;
				GCC_WARN_UNUSED_VARIABLE = YES;
				IPHONEOS_DEPLOYMENT_TARGET = 13.2;
				MTL_ENABLE_DEBUG_INFO = INCLUDE_SOURCE;
				MTL_FAST_MATH = YES;
				ONLY_ACTIVE_ARCH = YES;
				SDKROOT = iphoneos;
			};
			name = Debug;
		};
		6343CE132388DFFD00FC3EB0 /* Release */ = {
			isa = XCBuildConfiguration;
			buildSettings = {
				ALWAYS_SEARCH_USER_PATHS = NO;
				CLANG_ANALYZER_NONNULL = YES;
				CLANG_ANALYZER_NUMBER_OBJECT_CONVERSION = YES_AGGRESSIVE;
				CLANG_CXX_LANGUAGE_STANDARD = "gnu++14";
				CLANG_CXX_LIBRARY = "libc++";
				CLANG_ENABLE_MODULES = YES;
				CLANG_ENABLE_OBJC_ARC = YES;
				CLANG_ENABLE_OBJC_WEAK = YES;
				CLANG_WARN_BLOCK_CAPTURE_AUTORELEASING = YES;
				CLANG_WARN_BOOL_CONVERSION = YES;
				CLANG_WARN_COMMA = YES;
				CLANG_WARN_CONSTANT_CONVERSION = YES;
				CLANG_WARN_DEPRECATED_OBJC_IMPLEMENTATIONS = YES;
				CLANG_WARN_DIRECT_OBJC_ISA_USAGE = YES_ERROR;
				CLANG_WARN_DOCUMENTATION_COMMENTS = YES;
				CLANG_WARN_EMPTY_BODY = YES;
				CLANG_WARN_ENUM_CONVERSION = YES;
				CLANG_WARN_INFINITE_RECURSION = YES;
				CLANG_WARN_INT_CONVERSION = YES;
				CLANG_WARN_NON_LITERAL_NULL_CONVERSION = YES;
				CLANG_WARN_OBJC_IMPLICIT_RETAIN_SELF = YES;
				CLANG_WARN_OBJC_LITERAL_CONVERSION = YES;
				CLANG_WARN_OBJC_ROOT_CLASS = YES_ERROR;
				CLANG_WARN_RANGE_LOOP_ANALYSIS = YES;
				CLANG_WARN_STRICT_PROTOTYPES = YES;
				CLANG_WARN_SUSPICIOUS_MOVE = YES;
				CLANG_WARN_UNGUARDED_AVAILABILITY = YES_AGGRESSIVE;
				CLANG_WARN_UNREACHABLE_CODE = YES;
				CLANG_WARN__DUPLICATE_METHOD_MATCH = YES;
				COPY_PHASE_STRIP = NO;
				DEBUG_INFORMATION_FORMAT = "dwarf-with-dsym";
				ENABLE_NS_ASSERTIONS = NO;
				ENABLE_STRICT_OBJC_MSGSEND = YES;
				GCC_C_LANGUAGE_STANDARD = gnu11;
				GCC_NO_COMMON_BLOCKS = YES;
				GCC_WARN_64_TO_32_BIT_CONVERSION = YES;
				GCC_WARN_ABOUT_RETURN_TYPE = YES_ERROR;
				GCC_WARN_UNDECLARED_SELECTOR = YES;
				GCC_WARN_UNINITIALIZED_AUTOS = YES_AGGRESSIVE;
				GCC_WARN_UNUSED_FUNCTION = YES;
				GCC_WARN_UNUSED_VARIABLE = YES;
				IPHONEOS_DEPLOYMENT_TARGET = 13.2;
				MTL_ENABLE_DEBUG_INFO = NO;
				MTL_FAST_MATH = YES;
				SDKROOT = iphoneos;
				VALIDATE_PRODUCT = YES;
			};
			name = Release;
		};
		6343CE152388DFFD00FC3EB0 /* Debug */ = {
			isa = XCBuildConfiguration;
			buildSettings = {
				ASSETCATALOG_COMPILER_APPICON_NAME = AppIcon;
				CODE_SIGN_STYLE = Automatic;
				DEVELOPMENT_TEAM = P5M2XEQ4ZK;
				INFOPLIST_FILE = BBEventBus/Info.plist;
				LD_RUNPATH_SEARCH_PATHS = (
					"$(inherited)",
					"@executable_path/Frameworks",
				);
				PRODUCT_BUNDLE_IDENTIFIER = com.delta.BBEventBus;
				PRODUCT_NAME = "$(TARGET_NAME)";
				TARGETED_DEVICE_FAMILY = "1,2";
			};
			name = Debug;
		};
		6343CE162388DFFD00FC3EB0 /* Release */ = {
			isa = XCBuildConfiguration;
			buildSettings = {
				ASSETCATALOG_COMPILER_APPICON_NAME = AppIcon;
				CODE_SIGN_STYLE = Automatic;
				DEVELOPMENT_TEAM = P5M2XEQ4ZK;
				INFOPLIST_FILE = BBEventBus/Info.plist;
				LD_RUNPATH_SEARCH_PATHS = (
					"$(inherited)",
					"@executable_path/Frameworks",
				);
				PRODUCT_BUNDLE_IDENTIFIER = com.delta.BBEventBus;
				PRODUCT_NAME = "$(TARGET_NAME)";
				TARGETED_DEVICE_FAMILY = "1,2";
			};
			name = Release;
		};
		6343CE182388DFFD00FC3EB0 /* Debug */ = {
			isa = XCBuildConfiguration;
			buildSettings = {
				BUNDLE_LOADER = "$(TEST_HOST)";
				CODE_SIGN_STYLE = Automatic;
				DEVELOPMENT_TEAM = P5M2XEQ4ZK;
				INFOPLIST_FILE = BBEventBusTests/Info.plist;
				IPHONEOS_DEPLOYMENT_TARGET = 13.2;
				LD_RUNPATH_SEARCH_PATHS = (
					"$(inherited)",
					"@executable_path/Frameworks",
					"@loader_path/Frameworks",
				);
				PRODUCT_BUNDLE_IDENTIFIER = com.delta.BBEventBusTests;
				PRODUCT_NAME = "$(TARGET_NAME)";
				TARGETED_DEVICE_FAMILY = "1,2";
				TEST_HOST = "$(BUILT_PRODUCTS_DIR)/BBEventBus.app/BBEventBus";
			};
			name = Debug;
		};
		6343CE192388DFFD00FC3EB0 /* Release */ = {
			isa = XCBuildConfiguration;
			buildSettings = {
				BUNDLE_LOADER = "$(TEST_HOST)";
				CODE_SIGN_STYLE = Automatic;
				DEVELOPMENT_TEAM = P5M2XEQ4ZK;
				INFOPLIST_FILE = BBEventBusTests/Info.plist;
				IPHONEOS_DEPLOYMENT_TARGET = 13.2;
				LD_RUNPATH_SEARCH_PATHS = (
					"$(inherited)",
					"@executable_path/Frameworks",
					"@loader_path/Frameworks",
				);
				PRODUCT_BUNDLE_IDENTIFIER = com.delta.BBEventBusTests;
				PRODUCT_NAME = "$(TARGET_NAME)";
				TARGETED_DEVICE_FAMILY = "1,2";
				TEST_HOST = "$(BUILT_PRODUCTS_DIR)/BBEventBus.app/BBEventBus";
			};
			name = Release;
		};
		6343CE1B2388DFFD00FC3EB0 /* Debug */ = {
			isa = XCBuildConfiguration;
			buildSettings = {
				CODE_SIGN_STYLE = Automatic;
				DEVELOPMENT_TEAM = P5M2XEQ4ZK;
				INFOPLIST_FILE = BBEventBusUITests/Info.plist;
				LD_RUNPATH_SEARCH_PATHS = (
					"$(inherited)",
					"@executable_path/Frameworks",
					"@loader_path/Frameworks",
				);
				PRODUCT_BUNDLE_IDENTIFIER = com.delta.BBEventBusUITests;
				PRODUCT_NAME = "$(TARGET_NAME)";
				TARGETED_DEVICE_FAMILY = "1,2";
				TEST_TARGET_NAME = BBEventBus;
			};
			name = Debug;
		};
		6343CE1C2388DFFD00FC3EB0 /* Release */ = {
			isa = XCBuildConfiguration;
			buildSettings = {
				CODE_SIGN_STYLE = Automatic;
				DEVELOPMENT_TEAM = P5M2XEQ4ZK;
				INFOPLIST_FILE = BBEventBusUITests/Info.plist;
				LD_RUNPATH_SEARCH_PATHS = (
					"$(inherited)",
					"@executable_path/Frameworks",
					"@loader_path/Frameworks",
				);
				PRODUCT_BUNDLE_IDENTIFIER = com.delta.BBEventBusUITests;
				PRODUCT_NAME = "$(TARGET_NAME)";
				TARGETED_DEVICE_FAMILY = "1,2";
				TEST_TARGET_NAME = BBEventBus;
			};
			name = Release;
		};
/* End XCBuildConfiguration section */

/* Begin XCConfigurationList section */
		6343CDDD2388DFF900FC3EB0 /* Build configuration list for PBXProject "BBEventBus" */ = {
			isa = XCConfigurationList;
			buildConfigurations = (
				6343CE122388DFFD00FC3EB0 /* Debug */,
				6343CE132388DFFD00FC3EB0 /* Release */,
			);
			defaultConfigurationIsVisible = 0;
			defaultConfigurationName = Release;
		};
		6343CE142388DFFD00FC3EB0 /* Build configuration list for PBXNativeTarget "BBEventBus" */ = {
			isa = XCConfigurationList;
			buildConfigurations = (
				6343CE152388DFFD00FC3EB0 /* Debug */,
				6343CE162388DFFD00FC3EB0 /* Release */,
			);
			defaultConfigurationIsVisible = 0;
			defaultConfigurationName = Release;
		};
		6343CE172388DFFD00FC3EB0 /* Build configuration list for PBXNativeTarget "BBEventBusTests" */ = {
			isa = XCConfigurationList;
			buildConfigurations = (
				6343CE182388DFFD00FC3EB0 /* Debug */,
				6343CE192388DFFD00FC3EB0 /* Release */,
			);
			defaultConfigurationIsVisible = 0;
			defaultConfigurationName = Release;
		};
		6343CE1A2388DFFD00FC3EB0 /* Build configuration list for PBXNativeTarget "BBEventBusUITests" */ = {
			isa = XCConfigurationList;
			buildConfigurations = (
				6343CE1B2388DFFD00FC3EB0 /* Debug */,
				6343CE1C2388DFFD00FC3EB0 /* Release */,
			);
			defaultConfigurationIsVisible = 0;
			defaultConfigurationName = Release;
		};
/* End XCConfigurationList section */

/* Begin XCVersionGroup section */
		6343CDF12388DFF900FC3EB0 /* BBEventBus.xcdatamodeld */ = {
			isa = XCVersionGroup;
			children = (
				6343CDF22388DFF900FC3EB0 /* BBEventBus.xcdatamodel */,
			);
			currentVersion = 6343CDF22388DFF900FC3EB0 /* BBEventBus.xcdatamodel */;
			path = BBEventBus.xcdatamodeld;
			sourceTree = "<group>";
			versionGroupType = wrapper.xcdatamodel;
		};
/* End XCVersionGroup section */
	};
	rootObject = 6343CDDA2388DFF900FC3EB0 /* Project object */;
}
